
Microsoft Visual Studio Solution File, Format Version 12.00
# Visual Studio Version 17
VisualStudioVersion = 17.9.34728.123
MinimumVisualStudioVersion = 10.0.40219.1
Project("{FAE04EC0-301F-11D3-BF4B-00C04F79EFBC}") = "App_www_zaliczenie", "App_www_zaliczenie.csproj", "{A8FEFA70-772E-43C7-996B-0DBC2523BB14}"
EndProject
Global
	GlobalSection(SolutionConfigurationPlatforms) = preSolution
		Debug|Any CPU = Debug|Any CPU
		Release|Any CPU = Release|Any CPU
	EndGlobalSection
	GlobalSection(ProjectConfigurationPlatforms) = postSolution
		{A8FEFA70-772E-43C7-996B-0DBC2523BB14}.Debug|Any CPU.ActiveCfg = Debug|Any CPU
		{A8FEFA70-772E-43C7-996B-0DBC2523BB14}.Debug|Any CPU.Build.0 = Debug|Any CPU
		{A8FEFA70-772E-43C7-996B-0DBC2523BB14}.Release|Any CPU.ActiveCfg = Release|Any CPU
		{A8FEFA70-772E-43C7-996B-0DBC2523BB14}.Release|Any CPU.Build.0 = Release|Any CPU
	EndGlobalSection
	GlobalSection(SolutionProperties) = preSolution
		HideSolutionNode = FALSE
	EndGlobalSection
	GlobalSection(ExtensibilityGlobals) = postSolution
		SolutionGuid = {B92B2F10-3931-478E-94C9-675D8FB65202}
	EndGlobalSection
EndGlobal
